
Microsoft Visual Studio Solution File, Format Version 12.00
# Visual Studio Version 16
VisualStudioVersion = 16.0.30002.166
MinimumVisualStudioVersion = 10.0.40219.1
Project("{FAE04EC0-301F-11D3-BF4B-00C04F79EFBC}") = "iteration4", "iteration4\iteration4.csproj", "{DD941D8E-1242-4FFA-805A-D3E9EE74864F}"
EndProject
Global
	GlobalSection(SolutionConfigurationPlatforms) = preSolution
		Debug|Any CPU = Debug|Any CPU
		Release|Any CPU = Release|Any CPU
	EndGlobalSection
	GlobalSection(ProjectConfigurationPlatforms) = postSolution
		{DD941D8E-1242-4FFA-805A-D3E9EE74864F}.Debug|Any CPU.ActiveCfg = Debug|Any CPU
		{DD941D8E-1242-4FFA-805A-D3E9EE74864F}.Debug|Any CPU.Build.0 = Debug|Any CPU
		{DD941D8E-1242-4FFA-805A-D3E9EE74864F}.Release|Any CPU.ActiveCfg = Release|Any CPU
		{DD941D8E-1242-4FFA-805A-D3E9EE74864F}.Release|Any CPU.Build.0 = Release|Any CPU
	EndGlobalSection
	GlobalSection(SolutionProperties) = preSolution
		HideSolutionNode = FALSE
	EndGlobalSection
	GlobalSection(ExtensibilityGlobals) = postSolution
		SolutionGuid = {7E24EEA5-3068-4DB6-BED5-3A147BF2D92B}
	EndGlobalSection
EndGlobal
