
Microsoft Visual Studio Solution File, Format Version 12.00
# Visual Studio Version 16
VisualStudioVersion = 16.0.30002.166
MinimumVisualStudioVersion = 10.0.40219.1
Project("{FAE04EC0-301F-11D3-BF4B-00C04F79EFBC}") = "Test", "Test\Test.csproj", "{DC2604E3-6608-44CB-8622-057B4F786A95}"
EndProject
Global
	GlobalSection(SolutionConfigurationPlatforms) = preSolution
		Debug|Any CPU = Debug|Any CPU
		Release|Any CPU = Release|Any CPU
	EndGlobalSection
	GlobalSection(ProjectConfigurationPlatforms) = postSolution
		{DC2604E3-6608-44CB-8622-057B4F786A95}.Debug|Any CPU.ActiveCfg = Debug|Any CPU
		{DC2604E3-6608-44CB-8622-057B4F786A95}.Debug|Any CPU.Build.0 = Debug|Any CPU
		{DC2604E3-6608-44CB-8622-057B4F786A95}.Release|Any CPU.ActiveCfg = Release|Any CPU
		{DC2604E3-6608-44CB-8622-057B4F786A95}.Release|Any CPU.Build.0 = Release|Any CPU
	EndGlobalSection
	GlobalSection(SolutionProperties) = preSolution
		HideSolutionNode = FALSE
	EndGlobalSection
	GlobalSection(ExtensibilityGlobals) = postSolution
		SolutionGuid = {82109A81-3F83-4507-A74C-D670E029CDF5}
	EndGlobalSection
EndGlobal
