
Microsoft Visual Studio Solution File, Format Version 12.00
# Visual Studio Version 16
VisualStudioVersion = 16.0.30002.166
MinimumVisualStudioVersion = 10.0.40219.1
Project("{FAE04EC0-301F-11D3-BF4B-00C04F79EFBC}") = "interation2", "interation2\interation2.csproj", "{38DC3ADF-E054-49D4-98EC-D361E7031224}"
EndProject
Global
	GlobalSection(SolutionConfigurationPlatforms) = preSolution
		Debug|Any CPU = Debug|Any CPU
		Release|Any CPU = Release|Any CPU
	EndGlobalSection
	GlobalSection(ProjectConfigurationPlatforms) = postSolution
		{38DC3ADF-E054-49D4-98EC-D361E7031224}.Debug|Any CPU.ActiveCfg = Debug|Any CPU
		{38DC3ADF-E054-49D4-98EC-D361E7031224}.Debug|Any CPU.Build.0 = Debug|Any CPU
		{38DC3ADF-E054-49D4-98EC-D361E7031224}.Release|Any CPU.ActiveCfg = Release|Any CPU
		{38DC3ADF-E054-49D4-98EC-D361E7031224}.Release|Any CPU.Build.0 = Release|Any CPU
	EndGlobalSection
	GlobalSection(SolutionProperties) = preSolution
		HideSolutionNode = FALSE
	EndGlobalSection
	GlobalSection(ExtensibilityGlobals) = postSolution
		SolutionGuid = {F3FE7795-BAFD-46F1-AE9D-FAD53C63D2A0}
	EndGlobalSection
EndGlobal
