
Microsoft Visual Studio Solution File, Format Version 12.00
# Visual Studio Version 16
VisualStudioVersion = 16.0.29215.179
MinimumVisualStudioVersion = 10.0.40219.1
Project("{FAE04EC0-301F-11D3-BF4B-00C04F79EFBC}") = "Iteration3", "Iteration3\Iteration3.csproj", "{B4B55D4A-B1D8-4EA7-B235-FABA69E34CBD}"
EndProject
Global
	GlobalSection(SolutionConfigurationPlatforms) = preSolution
		Debug|Any CPU = Debug|Any CPU
		Release|Any CPU = Release|Any CPU
	EndGlobalSection
	GlobalSection(ProjectConfigurationPlatforms) = postSolution
		{B4B55D4A-B1D8-4EA7-B235-FABA69E34CBD}.Debug|Any CPU.ActiveCfg = Debug|Any CPU
		{B4B55D4A-B1D8-4EA7-B235-FABA69E34CBD}.Debug|Any CPU.Build.0 = Debug|Any CPU
		{B4B55D4A-B1D8-4EA7-B235-FABA69E34CBD}.Release|Any CPU.ActiveCfg = Release|Any CPU
		{B4B55D4A-B1D8-4EA7-B235-FABA69E34CBD}.Release|Any CPU.Build.0 = Release|Any CPU
	EndGlobalSection
	GlobalSection(SolutionProperties) = preSolution
		HideSolutionNode = FALSE
	EndGlobalSection
	GlobalSection(ExtensibilityGlobals) = postSolution
		SolutionGuid = {A3065C41-18FF-47F7-9722-ACD507497E96}
	EndGlobalSection
EndGlobal
